PODS:
  - Alamofire (4.3.0)
  - ReachabilitySwift (3)

DEPENDENCIES:
  - Alamofire (~> 4.3.0)
  - ReachabilitySwift (~> 3)

SPEC CHECKSUMS:
  Alamofire: 856a113053a7bc9cbe5d6367a555d773fc5cfef7
  ReachabilitySwift: f5b9bb30a0777fac8f09ce8b067e32faeb29bb64

PODFILE CHECKSUM: b1d977a335ee17ce2592a8c583dab84fec8ee827

COCOAPODS: 1.1.1
